
Microsoft Visual Studio Solution File, Format Version 12.00
# Visual Studio Version 17
VisualStudioVersion = 17.8.34330.188
MinimumVisualStudioVersion = 10.0.40219.1
Project("{2150E333-8FDC-42A3-9474-1A3956D46DE8}") = "1 - API", "1 - API", "{D3D49219-9FD9-4134-B1B5-F159DE9011E4}"
EndProject
Project("{2150E333-8FDC-42A3-9474-1A3956D46DE8}") = "2 - Domain", "2 - Domain", "{D8B4ADC5-4F11-4E6E-B162-B8AE77C88A1A}"
EndProject
Project("{2150E333-8FDC-42A3-9474-1A3956D46DE8}") = "3 - Infra", "3 - Infra", "{F7678E1F-E609-47AB-ACE9-97CEE2512F3E}"
EndProject
Project("{2150E333-8FDC-42A3-9474-1A3956D46DE8}") = "4 - Application", "4 - Application", "{32377664-80D9-42F7-BDD5-E5D91C9B0336}"
EndProject
Project("{FAE04EC0-301F-11D3-BF4B-00C04F79EFBC}") = "Domain", "..\Domain\Domain.csproj", "{503454CE-F4C3-48F6-B096-0A14FF86DA11}"
EndProject
Project("{FAE04EC0-301F-11D3-BF4B-00C04F79EFBC}") = "Infra", "..\Infra\Infra.csproj", "{C31FEBE9-257A-4613-B90B-ED7715185F63}"
EndProject
Project("{FAE04EC0-301F-11D3-BF4B-00C04F79EFBC}") = "Application", "..\Application\Application.csproj", "{EA9142D0-4EFD-4EBA-82F3-DF5B8ED1BB1C}"
EndProject
Project("{FAE04EC0-301F-11D3-BF4B-00C04F79EFBC}") = "API", "API\API.csproj", "{64B3D03C-3590-4154-A8CA-3A4EBBF51C59}"
EndProject
Global
	GlobalSection(SolutionConfigurationPlatforms) = preSolution
		Debug|Any CPU = Debug|Any CPU
		Release|Any CPU = Release|Any CPU
	EndGlobalSection
	GlobalSection(ProjectConfigurationPlatforms) = postSolution
		{503454CE-F4C3-48F6-B096-0A14FF86DA11}.Debug|Any CPU.ActiveCfg = Debug|Any CPU
		{503454CE-F4C3-48F6-B096-0A14FF86DA11}.Debug|Any CPU.Build.0 = Debug|Any CPU
		{503454CE-F4C3-48F6-B096-0A14FF86DA11}.Release|Any CPU.ActiveCfg = Release|Any CPU
		{503454CE-F4C3-48F6-B096-0A14FF86DA11}.Release|Any CPU.Build.0 = Release|Any CPU
		{C31FEBE9-257A-4613-B90B-ED7715185F63}.Debug|Any CPU.ActiveCfg = Debug|Any CPU
		{C31FEBE9-257A-4613-B90B-ED7715185F63}.Debug|Any CPU.Build.0 = Debug|Any CPU
		{C31FEBE9-257A-4613-B90B-ED7715185F63}.Release|Any CPU.ActiveCfg = Release|Any CPU
		{C31FEBE9-257A-4613-B90B-ED7715185F63}.Release|Any CPU.Build.0 = Release|Any CPU
		{EA9142D0-4EFD-4EBA-82F3-DF5B8ED1BB1C}.Debug|Any CPU.ActiveCfg = Debug|Any CPU
		{EA9142D0-4EFD-4EBA-82F3-DF5B8ED1BB1C}.Debug|Any CPU.Build.0 = Debug|Any CPU
		{EA9142D0-4EFD-4EBA-82F3-DF5B8ED1BB1C}.Release|Any CPU.ActiveCfg = Release|Any CPU
		{EA9142D0-4EFD-4EBA-82F3-DF5B8ED1BB1C}.Release|Any CPU.Build.0 = Release|Any CPU
		{64B3D03C-3590-4154-A8CA-3A4EBBF51C59}.Debug|Any CPU.ActiveCfg = Debug|Any CPU
		{64B3D03C-3590-4154-A8CA-3A4EBBF51C59}.Debug|Any CPU.Build.0 = Debug|Any CPU
		{64B3D03C-3590-4154-A8CA-3A4EBBF51C59}.Release|Any CPU.ActiveCfg = Release|Any CPU
		{64B3D03C-3590-4154-A8CA-3A4EBBF51C59}.Release|Any CPU.Build.0 = Release|Any CPU
	EndGlobalSection
	GlobalSection(SolutionProperties) = preSolution
		HideSolutionNode = FALSE
	EndGlobalSection
	GlobalSection(NestedProjects) = preSolution
		{503454CE-F4C3-48F6-B096-0A14FF86DA11} = {D8B4ADC5-4F11-4E6E-B162-B8AE77C88A1A}
		{C31FEBE9-257A-4613-B90B-ED7715185F63} = {F7678E1F-E609-47AB-ACE9-97CEE2512F3E}
		{EA9142D0-4EFD-4EBA-82F3-DF5B8ED1BB1C} = {32377664-80D9-42F7-BDD5-E5D91C9B0336}
		{64B3D03C-3590-4154-A8CA-3A4EBBF51C59} = {D3D49219-9FD9-4134-B1B5-F159DE9011E4}
	EndGlobalSection
	GlobalSection(ExtensibilityGlobals) = postSolution
		SolutionGuid = {7FF92612-BAAC-4B95-A029-C03D10601AB8}
	EndGlobalSection
EndGlobal
